
Microsoft Visual Studio Solution File, Format Version 12.00
# Visual Studio Version 17
VisualStudioVersion = 17.13.35919.96 d17.13
MinimumVisualStudioVersion = 10.0.40219.1
Project("{FAE04EC0-301F-11D3-BF4B-00C04F79EFBC}") = "ret", "ret.csproj", "{7E99EC67-1595-4230-A57E-CCF5B7BE7506}"
EndProject
Global
	GlobalSection(SolutionConfigurationPlatforms) = preSolution
		Debug|Any CPU = Debug|Any CPU
		Release|Any CPU = Release|Any CPU
	EndGlobalSection
	GlobalSection(ProjectConfigurationPlatforms) = postSolution
		{7E99EC67-1595-4230-A57E-CCF5B7BE7506}.Debug|Any CPU.ActiveCfg = Debug|Any CPU
		{7E99EC67-1595-4230-A57E-CCF5B7BE7506}.Debug|Any CPU.Build.0 = Debug|Any CPU
		{7E99EC67-1595-4230-A57E-CCF5B7BE7506}.Release|Any CPU.ActiveCfg = Release|Any CPU
		{7E99EC67-1595-4230-A57E-CCF5B7BE7506}.Release|Any CPU.Build.0 = Release|Any CPU
	EndGlobalSection
	GlobalSection(SolutionProperties) = preSolution
		HideSolutionNode = FALSE
	EndGlobalSection
	GlobalSection(ExtensibilityGlobals) = postSolution
		SolutionGuid = {03CFBB33-2D93-45A0-B6C0-27839F3AEC78}
	EndGlobalSection
EndGlobal
